{
  "version": 1,
  "dependencies": {
    "net8.0": {
      "FluentValidation.DependencyInjectionExtensions": {
        "type": "Direct",
        "requested": "[12.0.0, )",
        "resolved": "12.0.0",
        "contentHash": "B28fBRL1UjhGsBC8fwV6YBZosh+SiU1FxdD7l7p5dGPgRlVI7UnM+Lgzmg+unZtV1Zxzpaw96UY2MYfMaAd8cg==",
        "dependencies": {
          "FluentValidation": "12.0.0",
          "Microsoft.Extensions.Dependencyinjection.Abstractions": "2.1.0"
        }
      },
      "Microsoft.AspNetCore.OpenApi": {
        "type": "Direct",
        "requested": "[8.0.1, )",
        "resolved": "8.0.1",
        "contentHash": "JF0U31SByntKEhZNC8ch3CD87BLZb5AzSujOBppLdvnjYu3W2XZvlsol5hUJfxiaHOp720cUiL6wzG8Bv0fI2Q==",
        "dependencies": {
          "Microsoft.OpenApi": "1.4.3"
        }
      },
      "Microsoft.EntityFrameworkCore.Design": {
        "type": "Direct",
        "requested": "[9.*, )",
        "resolved": "9.0.10",
        "contentHash": "8rdqmG0cV8uHPkX26rSQbGljzGJC7+sfWDXyV0f6TuR0YkUR46ztzH//xNTnB9zgEs6NUyOemAcspmkucH0pcw==",
        "dependencies": {
          "Humanizer.Core": "2.14.1",
          "Microsoft.Build.Framework": "17.8.3",
          "Microsoft.Build.Locator": "1.7.8",
          "Microsoft.CodeAnalysis.CSharp": "4.8.0",
          "Microsoft.CodeAnalysis.CSharp.Workspaces": "4.8.0",
          "Microsoft.CodeAnalysis.Workspaces.MSBuild": "4.8.0",
          "Microsoft.EntityFrameworkCore.Relational": "9.0.10",
          "Microsoft.Extensions.Caching.Memory": "9.0.10",
          "Microsoft.Extensions.Configuration.Abstractions": "9.0.10",
          "Microsoft.Extensions.DependencyModel": "9.0.10",
          "Microsoft.Extensions.Logging": "9.0.10",
          "Mono.TextTemplating": "3.0.0",
          "System.Text.Json": "9.0.10"
        }
      },
      "Microsoft.EntityFrameworkCore.Sqlite": {
        "type": "Direct",
        "requested": "[9.0.10, )",
        "resolved": "9.0.10",
        "contentHash": "7fFF7FYlISZYhmeTtpjMZIEBxykqpKp2boZpuHTbIitN6am2QlmfVctrJRHHkI5u5Oh5E7uT1DMI68cpBAP4BQ==",
        "dependencies": {
          "Microsoft.EntityFrameworkCore.Sqlite.Core": "9.0.10",
          "Microsoft.Extensions.Caching.Memory": "9.0.10",
          "Microsoft.Extensions.Configuration.Abstractions": "9.0.10",
          "Microsoft.Extensions.DependencyModel": "9.0.10",
          "Microsoft.Extensions.Logging": "9.0.10",
          "SQLitePCLRaw.bundle_e_sqlite3": "2.1.10",
          "SQLitePCLRaw.core": "2.1.10",
          "System.Text.Json": "9.0.10"
        }
      },
      "Swashbuckle.AspNetCore": {
        "type": "Direct",
        "requested": "[6.4.0, )",
        "resolved": "6.4.0",
        "contentHash": "eUBr4TW0up6oKDA5Xwkul289uqSMgY0xGN4pnbOIBqCcN9VKGGaPvHX3vWaG/hvocfGDP+MGzMA0bBBKz2fkmQ==",
        "dependencies": {
          "Microsoft.Extensions.ApiDescription.Server": "6.0.5",
          "Swashbuckle.AspNetCore.Swagger": "6.4.0",
          "Swashbuckle.AspNetCore.SwaggerGen": "6.4.0",
          "Swashbuckle.AspNetCore.SwaggerUI": "6.4.0"
        }
      },
      "FluentValidation": {
        "type": "Transitive",
        "resolved": "12.0.0",
        "contentHash": "8NVLxtMUXynRHJIX3Hn1ACovaqZIJASufXIIFkD0EUbcd5PmMsL1xUD5h548gCezJ5BzlITaR9CAMrGe29aWpA=="
      },
      "Humanizer.Core": {
        "type": "Transitive",
        "resolved": "2.14.1",
        "contentHash": "lQKvtaTDOXnoVJ20ibTuSIOf2i0uO0MPbDhd1jm238I+U/2ZnRENj0cktKZhtchBMtCUSRQ5v4xBCUbKNmyVMw=="
      },
      "MediatR": {
        "type": "Transitive",
        "resolved": "13.0.0",
        "contentHash": "gR5vSoIINsXs86we38qdIfG62f6ngxT2sSaePsakJGHJIgLUDA7b41lujGXGWxX0hWyk8suajr2VKcAYSVMtdw==",
        "dependencies": {
          "MediatR.Contracts": "[2.0.1, 3.0.0)",
          "Microsoft.Extensions.DependencyInjection.Abstractions": "8.0.0",
          "Microsoft.Extensions.Logging": "8.0.0",
          "Microsoft.IdentityModel.JsonWebTokens": "8.0.1"
        }
      },
      "MediatR.Contracts": {
        "type": "Transitive",
        "resolved": "2.0.1",
        "contentHash": "FYv95bNT4UwcNA+G/J1oX5OpRiSUxteXaUt2BJbRSdRNiIUNbggJF69wy6mnk2wYToaanpdXZdCwVylt96MpwQ=="
      },
      "Microsoft.AspNetCore.Authentication.Abstractions": {
        "type": "Transitive",
        "resolved": "2.3.0",
        "contentHash": "ve6uvLwKNRkfnO/QeN9M8eUJ49lCnWv/6/9p6iTEuiI6Rtsz+myaBAjdMzLuTViQY032xbTF5AdZF5BJzJJyXQ==",
        "dependencies": {
          "Microsoft.AspNetCore.Http.Abstractions": "2.3.0",
          "Microsoft.Extensions.Logging.Abstractions": "8.0.2",
          "Microsoft.Extensions.Options": "8.0.2"
        }
      },
      "Microsoft.AspNetCore.Authorization": {
        "type": "Transitive",
        "resolved": "2.3.0",
        "contentHash": "2/aBgLqBXva/+w8pzRNY8ET43Gi+dr1gv/7ySfbsh23lTK6IAgID5MGUEa1hreNIF+0XpW4tX7QwVe70+YvaPg==",
        "dependencies": {
          "Microsoft.Extensions.Logging.Abstractions": "8.0.2",
          "Microsoft.Extensions.Options": "8.0.2"
        }
      },
      "Microsoft.AspNetCore.Authorization.Policy": {
        "type": "Transitive",
        "resolved": "2.3.0",
        "contentHash": "vn31uQ1dA1MIV2WNNDOOOm88V5KgR9esfi0LyQ6eVaGq2h0Yw+R29f5A6qUNJt+RccS3qkYayylAy9tP1wV+7Q==",
        "dependencies": {
          "Microsoft.AspNetCore.Authentication.Abstractions": "2.3.0",
          "Microsoft.AspNetCore.Authorization": "2.3.0"
        }
      },
      "Microsoft.AspNetCore.Connections.Abstractions": {
        "type": "Transitive",
        "resolved": "2.3.0",
        "contentHash": "ULFSa+/L+WiAHVlIFHyg0OmHChU9Hx+K+xnt0hbIU5XmT1EGy0pNDx23QAzDtAy9jxQrTG6MX0MdvMeU4D4c7w==",
        "dependencies": {
          "Microsoft.AspNetCore.Http.Features": "2.3.0",
          "System.IO.Pipelines": "8.0.0"
        }
      },
      "Microsoft.AspNetCore.Hosting.Abstractions": {
        "type": "Transitive",
        "resolved": "2.3.0",
        "contentHash": "4ivq53W2k6Nj4eez9wc81ytfGj6HR1NaZJCpOrvghJo9zHuQF57PLhPoQH5ItyCpHXnrN/y7yJDUm+TGYzrx0w==",
        "dependencies": {
          "Microsoft.AspNetCore.Hosting.Server.Abstractions": "2.3.0",
          "Microsoft.AspNetCore.Http.Abstractions": "2.3.0",
          "Microsoft.Extensions.Hosting.Abstractions": "8.0.1"
        }
      },
      "Microsoft.AspNetCore.Hosting.Server.Abstractions": {
        "type": "Transitive",
        "resolved": "2.3.0",
        "contentHash": "F5iHx7odAbFKBV1DNPDkFFcVmD5Tk7rk+tYm3LMQxHEFFdjlg5QcYb5XhHAefl5YaaPeG6ad+/ck8kSG3/D6kw==",
        "dependencies": {
          "Microsoft.AspNetCore.Http.Features": "2.3.0",
          "Microsoft.Extensions.Configuration.Abstractions": "8.0.0"
        }
      },
      "Microsoft.AspNetCore.Http": {
        "type": "Transitive",
        "resolved": "2.3.0",
        "contentHash": "I9azEG2tZ4DDHAFgv+N38e6Yhttvf+QjE2j2UYyCACE7Swm5/0uoihCMWZ87oOZYeqiEFSxbsfpT71OYHe2tpw==",
        "dependencies": {
          "Microsoft.AspNetCore.Http.Abstractions": "2.3.0",
          "Microsoft.AspNetCore.WebUtilities": "2.3.0",
          "Microsoft.Extensions.ObjectPool": "8.0.11",
          "Microsoft.Extensions.Options": "8.0.2",
          "Microsoft.Net.Http.Headers": "2.3.0"
        }
      },
      "Microsoft.AspNetCore.Http.Abstractions": {
        "type": "Transitive",
        "resolved": "2.3.0",
        "contentHash": "39r9PPrjA6s0blyFv5qarckjNkaHRA5B+3b53ybuGGNTXEj1/DStQJ4NWjFL6QTRQpL9zt7nDyKxZdJOlcnq+Q==",
        "dependencies": {
          "Microsoft.AspNetCore.Http.Features": "2.3.0",
          "System.Text.Encodings.Web": "8.0.0"
        }
      },
      "Microsoft.AspNetCore.Http.Connections": {
        "type": "Transitive",
        "resolved": "1.2.0",
        "contentHash": "VYMCOLvdT0y3O9lk4jUuIs8+re7u5+i+ka6ZZ6fIzSJ94c/JeMnAOOg39EB2i4crPXvLoiSdzKWlNPJgTbCZ2g==",
        "dependencies": {
          "Microsoft.AspNetCore.Authorization.Policy": "2.3.0",
          "Microsoft.AspNetCore.Hosting.Abstractions": "2.3.0",
          "Microsoft.AspNetCore.Http": "2.3.0",
          "Microsoft.AspNetCore.Http.Connections.Common": "1.2.0",
          "Microsoft.AspNetCore.Routing": "2.3.0",
          "Microsoft.AspNetCore.WebSockets": "2.3.0",
          "Newtonsoft.Json": "11.0.2",
          "System.Net.WebSockets.WebSocketProtocol": "5.1.0"
        }
      },
      "Microsoft.AspNetCore.Http.Connections.Common": {
        "type": "Transitive",
        "resolved": "1.2.0",
        "contentHash": "yUA7eg6kv7Wbz5TCW4PqS5/kYE5VxUIEDvoxjw4p1RwS2LGm84F9fBtM0mD6wrRfiv1NUyJ7WBjn3PWd/ccO+w==",
        "dependencies": {
          "Microsoft.AspNetCore.Connections.Abstractions": "2.3.0",
          "Newtonsoft.Json": "11.0.2",
          "System.Buffers": "4.6.0",
          "System.IO.Pipelines": "8.0.0"
        }
      },
      "Microsoft.AspNetCore.Http.Extensions": {
        "type": "Transitive",
        "resolved": "2.3.0",
        "contentHash": "EY2u/wFF5jsYwGXXswfQWrSsFPmiXsniAlUWo3rv/MGYf99ZFsENDnZcQP6W3c/+xQmQXq0NauzQ7jyy+o1LDQ==",
        "dependencies": {
          "Microsoft.AspNetCore.Http.Abstractions": "2.3.0",
          "Microsoft.Extensions.FileProviders.Abstractions": "8.0.0",
          "Microsoft.Net.Http.Headers": "2.3.0",
          "System.Buffers": "4.6.0"
        }
      },
      "Microsoft.AspNetCore.Http.Features": {
        "type": "Transitive",
        "resolved": "2.3.0",
        "contentHash": "f10WUgcsKqrkmnz6gt8HeZ7kyKjYN30PO7cSic1lPtH7paPtnQqXPOveul/SIPI43PhRD4trttg4ywnrEmmJpA==",
        "dependencies": {
          "Microsoft.Extensions.Primitives": "8.0.0"
        }
      },
      "Microsoft.AspNetCore.Routing": {
        "type": "Transitive",
        "resolved": "2.3.0",
        "contentHash": "no5/VC0CAQuT4PK4rp2K5fqwuSfzr2mdB6m1XNfWVhHnwzpRQzKAu9flChiT/JTLKwVI0Vq2MSmSW2OFMDCNXg==",
        "dependencies": {
          "Microsoft.AspNetCore.Http.Extensions": "2.3.0",
          "Microsoft.AspNetCore.Routing.Abstractions": "2.3.0",
          "Microsoft.Extensions.Logging.Abstractions": "8.0.2",
          "Microsoft.Extensions.ObjectPool": "8.0.11",
          "Microsoft.Extensions.Options": "8.0.2"
        }
      },
      "Microsoft.AspNetCore.Routing.Abstractions": {
        "type": "Transitive",
        "resolved": "2.3.0",
        "contentHash": "ZkFpUrSmp6TocxZLBEX3IBv5dPMbQuMs6L/BPl0WRfn32UVOtNYJQ0bLdh3cL9LMV0rmTW/5R0w8CBYxr0AOUw==",
        "dependencies": {
          "Microsoft.AspNetCore.Http.Abstractions": "2.3.0"
        }
      },
      "Microsoft.AspNetCore.SignalR": {
        "type": "Transitive",
        "resolved": "1.2.0",
        "contentHash": "XoCcsOTdtBiXyOzUtpbCl0IaqMOYjnr+6dbDxvUCFn7NR6bu7CwrlQ3oQzkltTwDZH0b6VEUN9wZPOYvPHi+Lg==",
        "dependencies": {
          "Microsoft.AspNetCore.Http.Connections": "1.2.0",
          "Microsoft.AspNetCore.SignalR.Core": "1.2.0",
          "Microsoft.AspNetCore.WebSockets": "2.3.0",
          "System.IO.Pipelines": "8.0.0"
        }
      },
      "Microsoft.AspNetCore.SignalR.Common": {
        "type": "Transitive",
        "resolved": "1.2.0",
        "contentHash": "FZeXIaoWqe145ZPdfiptwkw/sP1BX1UD0706GNBwwoaFiKsNbLEl/Trhj2+idlp3qbX1BEwkQesKNxkopVY5Xg==",
        "dependencies": {
          "Microsoft.AspNetCore.Connections.Abstractions": "2.3.0",
          "Microsoft.Extensions.Options": "8.0.2",
          "Newtonsoft.Json": "11.0.2",
          "System.Buffers": "4.6.0"
        }
      },
      "Microsoft.AspNetCore.SignalR.Core": {
        "type": "Transitive",
        "resolved": "1.2.0",
        "contentHash": "eZTuMkSDw1uwjhLhJbMxgW2Cuyxfn0Kfqm8OBmqvuzE9Qc/VVzh8dGrAp2F9Pk7XKTDHmlhc5RTLcPPAZ5PSZw==",
        "dependencies": {
          "Microsoft.AspNetCore.Authorization": "2.3.0",
          "Microsoft.AspNetCore.SignalR.Common": "1.2.0",
          "Microsoft.AspNetCore.SignalR.Protocols.Json": "1.2.0",
          "Microsoft.Extensions.DependencyInjection.Abstractions": "8.0.2",
          "Microsoft.Extensions.Logging.Abstractions": "8.0.2",
          "System.IO.Pipelines": "8.0.0",
          "System.Reflection.Emit": "4.7.0",
          "System.Threading.Channels": "8.0.0"
        }
      },
      "Microsoft.AspNetCore.SignalR.Protocols.Json": {
        "type": "Transitive",
        "resolved": "1.2.0",
        "contentHash": "hNvZ7kQxp5Udqd/IFWViU35bUJvi4xnNzjkF28HRvrdrS7JNsIASTvMqArP6HLQUc3j6nlUOeShNhVmgI1wzHg==",
        "dependencies": {
          "Microsoft.AspNetCore.SignalR.Common": "1.2.0",
          "Newtonsoft.Json": "11.0.2",
          "System.IO.Pipelines": "8.0.0"
        }
      },
      "Microsoft.AspNetCore.WebSockets": {
        "type": "Transitive",
        "resolved": "2.3.0",
        "contentHash": "+T4zpnVPkIjvvkyhTH3WBJlTfqmTBRozvnMudAUDvcb4e+NrWf52q8BXh52rkCrBgX6Cudf6F/UhZwTowyBtKg==",
        "dependencies": {
          "Microsoft.AspNetCore.Http.Extensions": "2.3.0",
          "Microsoft.Extensions.Options": "8.0.2",
          "System.Net.WebSockets.WebSocketProtocol": "5.1.0"
        }
      },
      "Microsoft.AspNetCore.WebUtilities": {
        "type": "Transitive",
        "resolved": "2.3.0",
        "contentHash": "trbXdWzoAEUVd0PE2yTopkz4kjZaAIA7xUWekd5uBw+7xE8Do/YOVTeb9d9koPTlbtZT539aESJjSLSqD8eYrQ==",
        "dependencies": {
          "Microsoft.Net.Http.Headers": "2.3.0",
          "System.Text.Encodings.Web": "8.0.0"
        }
      },
      "Microsoft.Bcl.AsyncInterfaces": {
        "type": "Transitive",
        "resolved": "7.0.0",
        "contentHash": "3aeMZ1N0lJoSyzqiP03hqemtb1BijhsJADdobn/4nsMJ8V1H+CrpuduUe4hlRdx+ikBQju1VGjMD1GJ3Sk05Eg=="
      },
      "Microsoft.Build.Framework": {
        "type": "Transitive",
        "resolved": "17.8.3",
        "contentHash": "NrQZJW8TlKVPx72yltGb8SVz3P5mNRk9fNiD/ao8jRSk48WqIIdCn99q4IjlVmPcruuQ+yLdjNQLL8Rb4c916g=="
      },
      "Microsoft.Build.Locator": {
        "type": "Transitive",
        "resolved": "1.7.8",
        "contentHash": "sPy10x527Ph16S2u0yGME4S6ohBKJ69WfjeGG/bvELYeZVmJdKjxgnlL8cJJJLGV/cZIRqSfB12UDB8ICakOog=="
      },
      "Microsoft.CodeAnalysis.Analyzers": {
        "type": "Transitive",
        "resolved": "3.3.4",
        "contentHash": "AxkxcPR+rheX0SmvpLVIGLhOUXAKG56a64kV9VQZ4y9gR9ZmPXnqZvHJnmwLSwzrEP6junUF11vuc+aqo5r68g=="
      },
      "Microsoft.CodeAnalysis.Common": {
        "type": "Transitive",
        "resolved": "4.8.0",
        "contentHash": "/jR+e/9aT+BApoQJABlVCKnnggGQbvGh7BKq2/wI1LamxC+LbzhcLj4Vj7gXCofl1n4E521YfF9w0WcASGg/KA==",
        "dependencies": {
          "Microsoft.CodeAnalysis.Analyzers": "3.3.4",
          "System.Collections.Immutable": "7.0.0",
          "System.Reflection.Metadata": "7.0.0",
          "System.Runtime.CompilerServices.Unsafe": "6.0.0"
        }
      },
      "Microsoft.CodeAnalysis.CSharp": {
        "type": "Transitive",
        "resolved": "4.8.0",
        "contentHash": "+3+qfdb/aaGD8PZRCrsdobbzGs1m9u119SkkJt8e/mk3xLJz/udLtS2T6nY27OTXxBBw10HzAbC8Z9w08VyP/g==",
        "dependencies": {
          "Microsoft.CodeAnalysis.Common": "[4.8.0]"
        }
      },
      "Microsoft.CodeAnalysis.CSharp.Workspaces": {
        "type": "Transitive",
        "resolved": "4.8.0",
        "contentHash": "3amm4tq4Lo8/BGvg9p3BJh3S9nKq2wqCXfS7138i69TUpo/bD+XvD0hNurpEBtcNZhi1FyutiomKJqVF39ugYA==",
        "dependencies": {
          "Humanizer.Core": "2.14.1",
          "Microsoft.CodeAnalysis.CSharp": "[4.8.0]",
          "Microsoft.CodeAnalysis.Common": "[4.8.0]",
          "Microsoft.CodeAnalysis.Workspaces.Common": "[4.8.0]"
        }
      },
      "Microsoft.CodeAnalysis.Workspaces.Common": {
        "type": "Transitive",
        "resolved": "4.8.0",
        "contentHash": "LXyV+MJKsKRu3FGJA3OmSk40OUIa/dQCFLOnm5X8MNcujx7hzGu8o+zjXlb/cy5xUdZK2UKYb9YaQ2E8m9QehQ==",
        "dependencies": {
          "Humanizer.Core": "2.14.1",
          "Microsoft.Bcl.AsyncInterfaces": "7.0.0",
          "Microsoft.CodeAnalysis.Common": "[4.8.0]",
          "System.Composition": "7.0.0",
          "System.IO.Pipelines": "7.0.0",
          "System.Threading.Channels": "7.0.0"
        }
      },
      "Microsoft.CodeAnalysis.Workspaces.MSBuild": {
        "type": "Transitive",
        "resolved": "4.8.0",
        "contentHash": "IEYreI82QZKklp54yPHxZNG9EKSK6nHEkeuf+0Asie9llgS1gp0V1hw7ODG+QyoB7MuAnNQHmeV1Per/ECpv6A==",
        "dependencies": {
          "Microsoft.Build.Framework": "16.10.0",
          "Microsoft.CodeAnalysis.Common": "[4.8.0]",
          "Microsoft.CodeAnalysis.Workspaces.Common": "[4.8.0]",
          "System.Text.Json": "7.0.3"
        }
      },
      "Microsoft.Data.Sqlite.Core": {
        "type": "Transitive",
        "resolved": "9.0.10",
        "contentHash": "tWbN2uzG4uBxxMjcHA3Oa9ecAYjyRTfDwRbgQ7ueyx7eEgyYbBiKADY2rllF8wO3dHUvN+/8fgylwSGMfiCtVg==",
        "dependencies": {
          "SQLitePCLRaw.core": "2.1.10"
        }
      },
      "Microsoft.EntityFrameworkCore": {
        "type": "Transitive",
        "resolved": "9.0.10",
        "contentHash": "WjjxVyOTVs85V7SUe+lZjtGOEeVzF4RO8amrqL4adgbyThNq7vGCFzPw8buZj44gHeQYD5V/uZ/6XuqG9Jq+kA==",
        "dependencies": {
          "Microsoft.EntityFrameworkCore.Abstractions": "9.0.10",
          "Microsoft.EntityFrameworkCore.Analyzers": "9.0.10",
          "Microsoft.Extensions.Caching.Memory": "9.0.10",
          "Microsoft.Extensions.Logging": "9.0.10"
        }
      },
      "Microsoft.EntityFrameworkCore.Abstractions": {
        "type": "Transitive",
        "resolved": "9.0.10",
        "contentHash": "I3TWAs5Lbzmzu8S0T6qXhzBiO3CznYLrfE59W0npkqNHfWGH8CgA66LrHMWxWOXVTD4145QwYqiWNCdLwpJ1Ew=="
      },
      "Microsoft.EntityFrameworkCore.Analyzers": {
        "type": "Transitive",
        "resolved": "9.0.10",
        "contentHash": "mXNl0Gg3l3zGrClLCHepB+b7rYVuFfB9qQJwya0dUSHFuR1T0jMD8KxuNVyhQSfoWIepanhzjcG8TUNGXOcU0Q=="
      },
      "Microsoft.EntityFrameworkCore.Relational": {
        "type": "Transitive",
        "resolved": "9.0.10",
        "contentHash": "IJNrG5vdmFUvHR8FLLFg9AWpuE8qW1DTEN+fNLGbNTu6cnpZzzqU6+aknAGtTSAEVWosJ3BZ3TOO9wpifUvv3A==",
        "dependencies": {
          "Microsoft.EntityFrameworkCore": "9.0.10",
          "Microsoft.Extensions.Caching.Memory": "9.0.10",
          "Microsoft.Extensions.Configuration.Abstractions": "9.0.10",
          "Microsoft.Extensions.Logging": "9.0.10"
        }
      },
      "Microsoft.EntityFrameworkCore.Sqlite.Core": {
        "type": "Transitive",
        "resolved": "9.0.10",
        "contentHash": "6+ee+erdXSzxqB6Piys2ssldqhR8cQZJHjIPKWrh25YTYJhFUmTwB0nC8l/f+U69NoGg7ZIOwdg4+Qk2YV13Ug==",
        "dependencies": {
          "Microsoft.Data.Sqlite.Core": "9.0.10",
          "Microsoft.EntityFrameworkCore.Relational": "9.0.10",
          "Microsoft.Extensions.Caching.Memory": "9.0.10",
          "Microsoft.Extensions.Configuration.Abstractions": "9.0.10",
          "Microsoft.Extensions.DependencyModel": "9.0.10",
          "Microsoft.Extensions.Logging": "9.0.10",
          "SQLitePCLRaw.core": "2.1.10",
          "System.Text.Json": "9.0.10"
        }
      },
      "Microsoft.Extensions.ApiDescription.Server": {
        "type": "Transitive",
        "resolved": "6.0.5",
        "contentHash": "Ckb5EDBUNJdFWyajfXzUIMRkhf52fHZOQuuZg/oiu8y7zDCVwD0iHhew6MnThjHmevanpxL3f5ci2TtHQEN6bw=="
      },
      "Microsoft.Extensions.Caching.Abstractions": {
        "type": "Transitive",
        "resolved": "9.0.10",
        "contentHash": "cL6iTxgJ4u5zP3eFOdBiDAtmE/B2WKTRhyJfEne7n6qvHpsMwwIDxljs210mWSO1ucBy7lR1Lo7/7kjeZeLcqQ==",
        "dependencies": {
          "Microsoft.Extensions.Primitives": "9.0.10"
        }
      },
      "Microsoft.Extensions.Caching.Memory": {
        "type": "Transitive",
        "resolved": "9.0.10",
        "contentHash": "2iuzwIoCoqZJfH2VLk1xvlQS4PQDEuhj4dWiGb+Qpt1vHFHyffp497cTO6ucsV54W/h4JmM1vzDBv8pVAFazZg==",
        "dependencies": {
          "Microsoft.Extensions.Caching.Abstractions": "9.0.10",
          "Microsoft.Extensions.DependencyInjection.Abstractions": "9.0.10",
          "Microsoft.Extensions.Logging.Abstractions": "9.0.10",
          "Microsoft.Extensions.Options": "9.0.10",
          "Microsoft.Extensions.Primitives": "9.0.10"
        }
      },
      "Microsoft.Extensions.Configuration": {
        "type": "Transitive",
        "resolved": "10.0.0-rc.2.25502.107",
        "contentHash": "273Ggibh3DdVrj47ENbUGIirOiqmLTAizpkvOD584Ps6NL/CMXPzesijnJgsjp7Fv/UCp69FKYBaSxZZ3q5R9g==",
        "dependencies": {
          "Microsoft.Extensions.Configuration.Abstractions": "10.0.0-rc.2.25502.107",
          "Microsoft.Extensions.Primitives": "10.0.0-rc.2.25502.107"
        }
      },
      "Microsoft.Extensions.Configuration.Abstractions": {
        "type": "Transitive",
        "resolved": "10.0.0-rc.2.25502.107",
        "contentHash": "H+i/Qy30Rg/K9BcW2Z6DCHPCzwMH3bCwNOjEz31shWTUDK8GeeeMnrKVusprTcRA2Y6yPST+hg2zc3whPEs14Q==",
        "dependencies": {
          "Microsoft.Extensions.Primitives": "10.0.0-rc.2.25502.107"
        }
      },
      "Microsoft.Extensions.Configuration.Binder": {
        "type": "Transitive",
        "resolved": "10.0.0-rc.2.25502.107",
        "contentHash": "aA6/V6lw1Gueyb1PqhHAl/i/qUUuv+Fusfk4oaMOzzOjspBkYtPpNHCmml/0t1x0/DnZoed+u2WwpP+mSwd8Dg==",
        "dependencies": {
          "Microsoft.Extensions.Configuration": "10.0.0-rc.2.25502.107",
          "Microsoft.Extensions.Configuration.Abstractions": "10.0.0-rc.2.25502.107"
        }
      },
      "Microsoft.Extensions.DependencyInjection": {
        "type": "Transitive",
        "resolved": "10.0.0-rc.2.25502.107",
        "contentHash": "mDw80K98jBWCyLFCra51PRv+Ttnjse1lZIzXEFybKby0/ajBFTEeHj/4r/QJexmb8Uun0yaFH1HlFtmHP1YEVA==",
        "dependencies": {
          "Microsoft.Extensions.DependencyInjection.Abstractions": "10.0.0-rc.2.25502.107"
        }
      },
      "Microsoft.Extensions.DependencyInjection.Abstractions": {
        "type": "Transitive",
        "resolved": "10.0.0-rc.2.25502.107",
        "contentHash": "8jujunpkNNfTkE9PFHp9/aD6GPKVfNCuz8tUbzOcyU5tQOCoIZId4hwQNVx3Tb8XEWw9BYdh0k5vPpqdCM+UtA=="
      },
      "Microsoft.Extensions.DependencyModel": {
        "type": "Transitive",
        "resolved": "9.0.10",
        "contentHash": "qCIWxEPt6Y9Z/Vx2R6JsfX7pwxIHC2GYlkcFbTox3MpsiNexyLkvPFTNsfmAaKpjTZ6FhNmvY3BdrwLX4+X0cQ==",
        "dependencies": {
          "System.Text.Encodings.Web": "9.0.10",
          "System.Text.Json": "9.0.10"
        }
      },
      "Microsoft.Extensions.Diagnostics": {
        "type": "Transitive",
        "resolved": "10.0.0-rc.2.25502.107",
        "contentHash": "tQfQFXI+ZQcL2RzDarDLx3Amh0WCp1KPGp1ie3y/CMV5hDhEq98WTmcMoXrFY0GkYLEaCQlVi2A6qVLcooG2Ow==",
        "dependencies": {
          "Microsoft.Extensions.Configuration": "10.0.0-rc.2.25502.107",
          "Microsoft.Extensions.Diagnostics.Abstractions": "10.0.0-rc.2.25502.107",
          "Microsoft.Extensions.Options.ConfigurationExtensions": "10.0.0-rc.2.25502.107"
        }
      },
      "Microsoft.Extensions.Diagnostics.Abstractions": {
        "type": "Transitive",
        "resolved": "10.0.0-rc.2.25502.107",
        "contentHash": "x6XVv3RiwOlN2unjyX/Zat0gI0HiRoDDdjkwBCwsMftYWpbJu4SiyRwDbrv2zAF8v8nbEEvcWi3/pUxZfaqLQw==",
        "dependencies": {
          "Microsoft.Extensions.DependencyInjection.Abstractions": "10.0.0-rc.2.25502.107",
          "Microsoft.Extensions.Options": "10.0.0-rc.2.25502.107",
          "System.Diagnostics.DiagnosticSource": "10.0.0-rc.2.25502.107"
        }
      },
      "Microsoft.Extensions.FileProviders.Abstractions": {
        "type": "Transitive",
        "resolved": "8.0.0",
        "contentHash": "ZbaMlhJlpisjuWbvXr4LdAst/1XxH3vZ6A0BsgTphZ2L4PGuxRLz7Jr/S7mkAAnOn78Vu0fKhEgNF5JO3zfjqQ==",
        "dependencies": {
          "Microsoft.Extensions.Primitives": "8.0.0"
        }
      },
      "Microsoft.Extensions.Hosting.Abstractions": {
        "type": "Transitive",
        "resolved": "8.0.1",
        "contentHash": "nHwq9aPBdBPYXPti6wYEEfgXddfBrYC+CQLn+qISiwQq5tpfaqDZSKOJNxoe9rfQxGf1c+2wC/qWFe1QYJPYqw==",
        "dependencies": {
          "Microsoft.Extensions.Configuration.Abstractions": "8.0.0",
          "Microsoft.Extensions.DependencyInjection.Abstractions": "8.0.2",
          "Microsoft.Extensions.Diagnostics.Abstractions": "8.0.1",
          "Microsoft.Extensions.FileProviders.Abstractions": "8.0.0",
          "Microsoft.Extensions.Logging.Abstractions": "8.0.2"
        }
      },
      "Microsoft.Extensions.Http": {
        "type": "Transitive",
        "resolved": "10.0.0-rc.2.25502.107",
        "contentHash": "d60bvi/NpzkpVlSpxZqOfdjX1hrQgL/byWVc3PryjbmB7zvfLtqQbYifjEWToqtS0Fb1rGnkuVI5JEdOnK1tNQ==",
        "dependencies": {
          "Microsoft.Extensions.Configuration.Abstractions": "10.0.0-rc.2.25502.107",
          "Microsoft.Extensions.DependencyInjection.Abstractions": "10.0.0-rc.2.25502.107",
          "Microsoft.Extensions.Diagnostics": "10.0.0-rc.2.25502.107",
          "Microsoft.Extensions.Logging": "10.0.0-rc.2.25502.107",
          "Microsoft.Extensions.Logging.Abstractions": "10.0.0-rc.2.25502.107",
          "Microsoft.Extensions.Options": "10.0.0-rc.2.25502.107"
        }
      },
      "Microsoft.Extensions.Logging": {
        "type": "Transitive",
        "resolved": "10.0.0-rc.2.25502.107",
        "contentHash": "q2C5gq86qkTmcYSJJSnw8sgTUyuqENYSOjk/NOYjHnYlKSrK3oI9Rjv1bWFpx2I3Btq9ZBEJb9aMM+IUQ0PvZA==",
        "dependencies": {
          "Microsoft.Extensions.DependencyInjection": "10.0.0-rc.2.25502.107",
          "Microsoft.Extensions.Logging.Abstractions": "10.0.0-rc.2.25502.107",
          "Microsoft.Extensions.Options": "10.0.0-rc.2.25502.107"
        }
      },
      "Microsoft.Extensions.Logging.Abstractions": {
        "type": "Transitive",
        "resolved": "10.0.0-rc.2.25502.107",
        "contentHash": "SKKKZjyCpBaDQ7yuFjdk6ELnRBRWeZsbnzUfo59Wc4PGhgf92chE3we/QlT6nk6NqlWcUgH/jogM+B/uq/Qdnw==",
        "dependencies": {
          "Microsoft.Extensions.DependencyInjection.Abstractions": "10.0.0-rc.2.25502.107",
          "System.Diagnostics.DiagnosticSource": "10.0.0-rc.2.25502.107"
        }
      },
      "Microsoft.Extensions.ObjectPool": {
        "type": "Transitive",
        "resolved": "8.0.11",
        "contentHash": "6ApKcHNJigXBfZa6XlDQ8feJpq7SG1ogZXg6M4FiNzgd6irs3LUAzo0Pfn4F2ZI9liGnH1XIBR/OtSbZmJAV5w=="
      },
      "Microsoft.Extensions.Options": {
        "type": "Transitive",
        "resolved": "10.0.0-rc.2.25502.107",
        "contentHash": "Ib6BCCjisp7ZUdhtNpSulFO0ODhz/IE4ZZd8OCqQWoRs363BQ0QOZi9KwpqpiEWo51S0kIXWqNicDPGXwpt9pQ==",
        "dependencies": {
          "Microsoft.Extensions.DependencyInjection.Abstractions": "10.0.0-rc.2.25502.107",
          "Microsoft.Extensions.Primitives": "10.0.0-rc.2.25502.107"
        }
      },
      "Microsoft.Extensions.Options.ConfigurationExtensions": {
        "type": "Transitive",
        "resolved": "10.0.0-rc.2.25502.107",
        "contentHash": "MFbT8+JKX49YCXEFvlZDzQzI/R3QKzRZlb4dSud+569cMgA9hWbndjWWvOgGASoRcXynGRrBSq1Bw3PeCsB5/Q==",
        "dependencies": {
          "Microsoft.Extensions.Configuration.Abstractions": "10.0.0-rc.2.25502.107",
          "Microsoft.Extensions.Configuration.Binder": "10.0.0-rc.2.25502.107",
          "Microsoft.Extensions.DependencyInjection.Abstractions": "10.0.0-rc.2.25502.107",
          "Microsoft.Extensions.Options": "10.0.0-rc.2.25502.107",
          "Microsoft.Extensions.Primitives": "10.0.0-rc.2.25502.107"
        }
      },
      "Microsoft.Extensions.Primitives": {
        "type": "Transitive",
        "resolved": "10.0.0-rc.2.25502.107",
        "contentHash": "9pm2zqqn5u/OsKs2zgkhJEQQeMx9KkVOWPdHrs7Kt5sfpk+eIh/gmpi/mMH/ljS2T/PFsFdCEtm+GS/6l7zoZA=="
      },
      "Microsoft.IdentityModel.Abstractions": {
        "type": "Transitive",
        "resolved": "8.0.1",
        "contentHash": "OtlIWcyX01olfdevPKZdIPfBEvbcioDyBiE/Z2lHsopsMD7twcKtlN9kMevHmI5IIPhFpfwCIiR6qHQz1WHUIw=="
      },
      "Microsoft.IdentityModel.JsonWebTokens": {
        "type": "Transitive",
        "resolved": "8.0.1",
        "contentHash": "s6++gF9x0rQApQzOBbSyp4jUaAlwm+DroKfL8gdOHxs83k8SJfUXhuc46rDB3rNXBQ1MVRxqKUrqFhO/M0E97g==",
        "dependencies": {
          "Microsoft.IdentityModel.Tokens": "8.0.1"
        }
      },
      "Microsoft.IdentityModel.Logging": {
        "type": "Transitive",
        "resolved": "8.0.1",
        "contentHash": "UCPF2exZqBXe7v/6sGNiM6zCQOUXXQ9+v5VTb9gPB8ZSUPnX53BxlN78v2jsbIvK9Dq4GovQxo23x8JgWvm/Qg==",
        "dependencies": {
          "Microsoft.IdentityModel.Abstractions": "8.0.1"
        }
      },
      "Microsoft.IdentityModel.Tokens": {
        "type": "Transitive",
        "resolved": "8.0.1",
        "contentHash": "kDimB6Dkd3nkW2oZPDkMkVHfQt3IDqO5gL0oa8WVy3OP4uE8Ij+8TXnqg9TOd9ufjsY3IDiGz7pCUbnfL18tjg==",
        "dependencies": {
          "Microsoft.IdentityModel.Logging": "8.0.1"
        }
      },
      "Microsoft.Net.Http.Headers": {
        "type": "Transitive",
        "resolved": "2.3.0",
        "contentHash": "/M0wVg6tJUOHutWD3BMOUVZAioJVXe0tCpFiovzv0T9T12TBf4MnaHP0efO8TCr1a6O9RZgQeZ9Gdark8L9XdA==",
        "dependencies": {
          "Microsoft.Extensions.Primitives": "8.0.0",
          "System.Buffers": "4.6.0"
        }
      },
      "Microsoft.OpenApi": {
        "type": "Transitive",
        "resolved": "1.4.3",
        "contentHash": "rURwggB+QZYcSVbDr7HSdhw/FELvMlriW10OeOzjPT7pstefMo7IThhtNtDudxbXhW+lj0NfX72Ka5EDsG8x6w=="
      },
      "Mono.TextTemplating": {
        "type": "Transitive",
        "resolved": "3.0.0",
        "contentHash": "YqueG52R/Xej4VVbKuRIodjiAhV0HR/XVbLbNrJhCZnzjnSjgMJ/dCdV0akQQxavX6hp/LC6rqLGLcXeQYU7XA==",
        "dependencies": {
          "System.CodeDom": "6.0.0"
        }
      },
      "Newtonsoft.Json": {
        "type": "Transitive",
        "resolved": "11.0.2",
        "contentHash": "IvJe1pj7JHEsP8B8J8DwlMEx8UInrs/x+9oVY+oCD13jpLu4JbJU2WCIsMRn5C4yW9+DgkaO8uiVE5VHKjpmdQ=="
      },
      "SQLitePCLRaw.bundle_e_sqlite3": {
        "type": "Transitive",
        "resolved": "2.1.10",
        "contentHash": "UxWuisvZ3uVcVOLJQv7urM/JiQH+v3TmaJc1BLKl5Dxfm/nTzTUrqswCqg/INiYLi61AXnHo1M1JPmPqqLnAdg==",
        "dependencies": {
          "SQLitePCLRaw.lib.e_sqlite3": "2.1.10",
          "SQLitePCLRaw.provider.e_sqlite3": "2.1.10"
        }
      },
      "SQLitePCLRaw.core": {
        "type": "Transitive",
        "resolved": "2.1.10",
        "contentHash": "Ii8JCbC7oiVclaE/mbDEK000EFIJ+ShRPwAvvV89GOZhQ+ZLtlnSWl6ksCNMKu/VGXA4Nfi2B7LhN/QFN9oBcw==",
        "dependencies": {
          "System.Memory": "4.5.3"
        }
      },
      "SQLitePCLRaw.lib.e_sqlite3": {
        "type": "Transitive",
        "resolved": "2.1.10",
        "contentHash": "mAr69tDbnf3QJpRy2nJz8Qdpebdil00fvycyByR58Cn9eARvR+UiG2Vzsp+4q1tV3ikwiYIjlXCQFc12GfebbA=="
      },
      "SQLitePCLRaw.provider.e_sqlite3": {
        "type": "Transitive",
        "resolved": "2.1.10",
        "contentHash": "uZVTi02C1SxqzgT0HqTWatIbWGb40iIkfc3FpFCpE/r7g6K0PqzDUeefL6P6HPhDtc6BacN3yQysfzP7ks+wSQ==",
        "dependencies": {
          "SQLitePCLRaw.core": "2.1.10"
        }
      },
      "Swashbuckle.AspNetCore.Swagger": {
        "type": "Transitive",
        "resolved": "6.4.0",
        "contentHash": "nl4SBgGM+cmthUcpwO/w1lUjevdDHAqRvfUoe4Xp/Uvuzt9mzGUwyFCqa3ODBAcZYBiFoKvrYwz0rabslJvSmQ==",
        "dependencies": {
          "Microsoft.OpenApi": "1.2.3"
        }
      },
      "Swashbuckle.AspNetCore.SwaggerGen": {
        "type": "Transitive",
        "resolved": "6.4.0",
        "contentHash": "lXhcUBVqKrPFAQF7e/ZeDfb5PMgE8n5t6L5B6/BQSpiwxgHzmBcx8Msu42zLYFTvR5PIqE9Q9lZvSQAcwCxJjw==",
        "dependencies": {
          "Swashbuckle.AspNetCore.Swagger": "6.4.0"
        }
      },
      "Swashbuckle.AspNetCore.SwaggerUI": {
        "type": "Transitive",
        "resolved": "6.4.0",
        "contentHash": "1Hh3atb3pi8c+v7n4/3N80Jj8RvLOXgWxzix6w3OZhB7zBGRwsy7FWr4e3hwgPweSBpwfElqj4V4nkjYabH9nQ=="
      },
      "System.Buffers": {
        "type": "Transitive",
        "resolved": "4.6.0",
        "contentHash": "lN6tZi7Q46zFzAbRYXTIvfXcyvQQgxnY7Xm6C6xQ9784dEL1amjM6S6Iw4ZpsvesAKnRVsM4scrDQaDqSClkjA=="
      },
      "System.CodeDom": {
        "type": "Transitive",
        "resolved": "6.0.0",
        "contentHash": "CPc6tWO1LAer3IzfZufDBRL+UZQcj5uS207NHALQzP84Vp/z6wF0Aa0YZImOQY8iStY0A2zI/e3ihKNPfUm8XA=="
      },
      "System.Collections.Immutable": {
        "type": "Transitive",
        "resolved": "7.0.0",
        "contentHash": "dQPcs0U1IKnBdRDBkrCTi1FoajSTBzLcVTpjO4MBCMC7f4pDOIPzgBoX8JjG7X6uZRJ8EBxsi8+DR1JuwjnzOQ=="
      },
      "System.Composition": {
        "type": "Transitive",
        "resolved": "7.0.0",
        "contentHash": "tRwgcAkDd85O8Aq6zHDANzQaq380cek9lbMg5Qma46u5BZXq/G+XvIYmu+UI+BIIZ9zssXLYrkTykEqxxvhcmg==",
        "dependencies": {
          "System.Composition.AttributedModel": "7.0.0",
          "System.Composition.Convention": "7.0.0",
          "System.Composition.Hosting": "7.0.0",
          "System.Composition.Runtime": "7.0.0",
          "System.Composition.TypedParts": "7.0.0"
        }
      },
      "System.Composition.AttributedModel": {
        "type": "Transitive",
        "resolved": "7.0.0",
        "contentHash": "2QzClqjElKxgI1jK1Jztnq44/8DmSuTSGGahXqQ4TdEV0h9s2KikQZIgcEqVzR7OuWDFPGLHIprBJGQEPr8fAQ=="
      },
      "System.Composition.Convention": {
        "type": "Transitive",
        "resolved": "7.0.0",
        "contentHash": "IMhTlpCs4HmlD8B+J8/kWfwX7vrBBOs6xyjSTzBlYSs7W4OET4tlkR/Sg9NG8jkdJH9Mymq0qGdYS1VPqRTBnQ==",
        "dependencies": {
          "System.Composition.AttributedModel": "7.0.0"
        }
      },
      "System.Composition.Hosting": {
        "type": "Transitive",
        "resolved": "7.0.0",
        "contentHash": "eB6gwN9S+54jCTBJ5bpwMOVerKeUfGGTYCzz3QgDr1P55Gg/Wb27ShfPIhLMjmZ3MoAKu8uUSv6fcCdYJTN7Bg==",
        "dependencies": {
          "System.Composition.Runtime": "7.0.0"
        }
      },
      "System.Composition.Runtime": {
        "type": "Transitive",
        "resolved": "7.0.0",
        "contentHash": "aZJ1Zr5Txe925rbo4742XifEyW0MIni1eiUebmcrP3HwLXZ3IbXUj4MFMUH/RmnJOAQiS401leg/2Sz1MkApDw=="
      },
      "System.Composition.TypedParts": {
        "type": "Transitive",
        "resolved": "7.0.0",
        "contentHash": "ZK0KNPfbtxVceTwh+oHNGUOYV2WNOHReX2AXipuvkURC7s/jPwoWfsu3SnDBDgofqbiWr96geofdQ2erm/KTHg==",
        "dependencies": {
          "System.Composition.AttributedModel": "7.0.0",
          "System.Composition.Hosting": "7.0.0",
          "System.Composition.Runtime": "7.0.0"
        }
      },
      "System.Diagnostics.DiagnosticSource": {
        "type": "Transitive",
        "resolved": "10.0.0-rc.2.25502.107",
        "contentHash": "KAhXZ/hyswghb5y2DBBT3cNZ+wT4e8Ir9U+M/OKomDHqE4jeuMI7VHsvFFkVvclJxnt6KPYFbor3SwwQgrG+5A=="
      },
      "System.IO.Pipelines": {
        "type": "Transitive",
        "resolved": "9.0.10",
        "contentHash": "lwI0mhHcCxMtNSxB5ate9Gc9petWovRBUprtjz2yiIDDZPGBIaUiqNzQHJzjPuzTnvNbEMilpAXjDguKsU/2Fg=="
      },
      "System.Memory": {
        "type": "Transitive",
        "resolved": "4.5.3",
        "contentHash": "3oDzvc/zzetpTKWMShs1AADwZjQ/36HnsufHRPcOjyRAAMLDlu2iD33MBI2opxnezcVUtXyqDXXjoFMOU9c7SA=="
      },
      "System.Net.WebSockets.WebSocketProtocol": {
        "type": "Transitive",
        "resolved": "5.1.0",
        "contentHash": "cVTT/Zw4JuUeX8H0tdWii0OMHsA5MY2PaFYOq/Hstw0jk479jZ+f8baCicWFNzJlCPWAe0uoNCELoB5eNmaMqA=="
      },
      "System.Reflection.Emit": {
        "type": "Transitive",
        "resolved": "4.7.0",
        "contentHash": "VR4kk8XLKebQ4MZuKuIni/7oh+QGFmZW3qORd1GvBq/8026OpW501SzT/oypwiQl4TvT8ErnReh/NzY9u+C6wQ=="
      },
      "System.Reflection.Metadata": {
        "type": "Transitive",
        "resolved": "7.0.0",
        "contentHash": "MclTG61lsD9sYdpNz9xsKBzjsmsfCtcMZYXz/IUr2zlhaTaABonlr1ESeompTgM+Xk+IwtGYU7/voh3YWB/fWw==",
        "dependencies": {
          "System.Collections.Immutable": "7.0.0"
        }
      },
      "System.Runtime.CompilerServices.Unsafe": {
        "type": "Transitive",
        "resolved": "6.0.0",
        "contentHash": "/iUeP3tq1S0XdNNoMz5C9twLSrM/TH+qElHkXWaPvuNOt+99G75NrV0OS2EqHx5wMN7popYjpc8oTjC1y16DLg=="
      },
      "System.Text.Encodings.Web": {
        "type": "Transitive",
        "resolved": "9.0.10",
        "contentHash": "znmiJFUa0GGwq7t6ShUKBDRlPsNJaudNFI7rVeyGnRBhiRMegBvu2GRcadThP/QX/a5UpGgZbe6tolDooobj/Q=="
      },
      "System.Text.Json": {
        "type": "Transitive",
        "resolved": "9.0.10",
        "contentHash": "XM02ZBnzxk7Ti6l9YRy8Bp639wANqJzJzw4W4VYiCh+HXY9hBOWkGB4k89OLP/s/RxgM02P4a/mWcJTgFiLf1Q==",
        "dependencies": {
          "System.IO.Pipelines": "9.0.10",
          "System.Text.Encodings.Web": "9.0.10"
        }
      },
      "System.Threading.Channels": {
        "type": "Transitive",
        "resolved": "8.0.0",
        "contentHash": "CMaFr7v+57RW7uZfZkPExsPB6ljwzhjACWW1gfU35Y56rk72B/Wu+sTqxVmGSk4SFUlPc3cjeKND0zktziyjBA=="
      },
      "newsanalyzer.application": {
        "type": "Project",
        "dependencies": {
          "FluentValidation": "[12.0.0, )",
          "FluentValidation.DependencyInjectionExtensions": "[12.0.0, )",
          "MediatR": "[13.0.0, )",
          "Microsoft.EntityFrameworkCore": "[9.0.10, )"
        }
      },
      "newsanalyzer.infrastructure": {
        "type": "Project",
        "dependencies": {
          "Microsoft.AspNetCore.SignalR": "[1.2.0, )",
          "Microsoft.EntityFrameworkCore.Sqlite": "[9.0.10, )",
          "Microsoft.Extensions.Configuration": "[10.0.0-rc.2.25502.107, )",
          "Microsoft.Extensions.Hosting.Abstractions": "[8.0.1, )",
          "Microsoft.Extensions.Http": "[10.0.0-rc.2.25502.107, )",
          "NewsAnalyzer.Application": "[1.0.0, )"
        }
      }
    }
  }
}